
Microsoft Visual Studio Solution File, Format Version 12.00
# Visual Studio 15
VisualStudioVersion = 15.0.26730.12
MinimumVisualStudioVersion = 10.0.40219.1
Project("{2150E333-8FDC-42A3-9474-1A3956D46DE8}") = "DesignPrinciples", "DesignPrinciples", "{ACC68CD2-1226-4A00-BC56-F06D1363899D}"
EndProject
Project("{FAE04EC0-301F-11D3-BF4B-00C04F79EFBC}") = "SingleResponsibilityPrinciple", "SingleResponsibilityPrinciple\SingleResponsibilityPrinciple.csproj", "{F1FCA25B-25C7-4F8D-9E0E-58E9F508137C}"
EndProject
Project("{FAE04EC0-301F-11D3-BF4B-00C04F79EFBC}") = "Open-Closed Principle", "Open-Closed Principle\Open-Closed Principle.csproj", "{5FDF8160-DA40-4B30-BE71-7FEF722BDD30}"
EndProject
Project("{FAE04EC0-301F-11D3-BF4B-00C04F79EFBC}") = "LiskovSubstitutionPrincipl", "LiskovSubstitutionPrincipl\LiskovSubstitutionPrincipl.csproj", "{CC8271AF-6EB2-4D60-AF37-6EECC25EF9BD}"
EndProject
Project("{FAE04EC0-301F-11D3-BF4B-00C04F79EFBC}") = "InterfaceSegregationPrinciple", "InterfaceSegregationPrinciple\InterfaceSegregationPrinciple.csproj", "{459DB72D-5E01-4C70-A5A4-BD8F3312BD9F}"
EndProject
Project("{FAE04EC0-301F-11D3-BF4B-00C04F79EFBC}") = "DependencyInversionPrinciple", "DependencyInversionPrinciple\DependencyInversionPrinciple.csproj", "{6C2F2C38-1C40-4004-8D17-D571A34742FE}"
EndProject
Project("{2150E333-8FDC-42A3-9474-1A3956D46DE8}") = "Design Patterns", "Design Patterns", "{B5F1C105-6F14-4D71-A72B-3FAF8809F8C1}"
EndProject
Project("{FAE04EC0-301F-11D3-BF4B-00C04F79EFBC}") = "BuilderDesignPattern", "BuilderDesignPattern\BuilderDesignPattern.csproj", "{C3E4C6C7-008A-4E7F-B0D5-174FEAF553DB}"
EndProject
Project("{FAE04EC0-301F-11D3-BF4B-00C04F79EFBC}") = "FacetedBuilder", "FacetedBuilder\FacetedBuilder.csproj", "{48F324C3-B45B-42ED-9D57-7F4C1824607A}"
EndProject
Project("{FAE04EC0-301F-11D3-BF4B-00C04F79EFBC}") = "FactoryDesignPattern", "FactoryDesignPattern\FactoryDesignPattern.csproj", "{EE678FD5-10A0-46CB-BA3E-34DE5E26D80A}"
EndProject
Project("{FAE04EC0-301F-11D3-BF4B-00C04F79EFBC}") = "AbstractFactory", "AbstractFactory\AbstractFactory.csproj", "{A47E94E9-5B5C-4347-89D1-CE272B4AC5B7}"
EndProject
Project("{FAE04EC0-301F-11D3-BF4B-00C04F79EFBC}") = "Prototype", "Prototype\Prototype.csproj", "{41FF7C15-0787-48D7-BC4A-E421C9FF1948}"
EndProject
Project("{FAE04EC0-301F-11D3-BF4B-00C04F79EFBC}") = "Singleton", "Singleton\Singleton.csproj", "{2442FCDE-8202-41B3-8083-098080D74223}"
EndProject
Project("{FAE04EC0-301F-11D3-BF4B-00C04F79EFBC}") = "SingletonDI", "SingletonDI\SingletonDI.csproj", "{E388B0AE-B40C-4DBE-B274-E44B3DF3F997}"
EndProject
Project("{FAE04EC0-301F-11D3-BF4B-00C04F79EFBC}") = "Monostate", "Monostate\Monostate.csproj", "{4EF9BA40-8A13-492A-9968-F24EF5495F6D}"
EndProject
Project("{FAE04EC0-301F-11D3-BF4B-00C04F79EFBC}") = "SingletonTesting", "SingletonTesting\SingletonTesting.csproj", "{1AE1737F-6CC6-4AB7-AF7B-DBE5AE453E68}"
EndProject
Project("{FAE04EC0-301F-11D3-BF4B-00C04F79EFBC}") = "StructuralAdaptarNoCaching", "StructuralAdaptarNoCaching\StructuralAdaptarNoCaching.csproj", "{35941A25-E107-487A-80FE-73745315A841}"
EndProject
Project("{FAE04EC0-301F-11D3-BF4B-00C04F79EFBC}") = "StructuralAdaptingWithCaching", "StructuralAdaptingWithCaching\StructuralAdaptingWithCaching.csproj", "{564B9C86-3251-475A-B44E-0808250430A2}"
EndProject
Project("{FAE04EC0-301F-11D3-BF4B-00C04F79EFBC}") = "BridgePattern", "BridgePattern\BridgePattern.csproj", "{FD6D7578-4EED-43F0-BE36-36653D334B3F}"
EndProject
Global
	GlobalSection(SolutionConfigurationPlatforms) = preSolution
		Debug|Any CPU = Debug|Any CPU
		Release|Any CPU = Release|Any CPU
	EndGlobalSection
	GlobalSection(ProjectConfigurationPlatforms) = postSolution
		{F1FCA25B-25C7-4F8D-9E0E-58E9F508137C}.Debug|Any CPU.ActiveCfg = Debug|Any CPU
		{F1FCA25B-25C7-4F8D-9E0E-58E9F508137C}.Debug|Any CPU.Build.0 = Debug|Any CPU
		{F1FCA25B-25C7-4F8D-9E0E-58E9F508137C}.Release|Any CPU.ActiveCfg = Release|Any CPU
		{F1FCA25B-25C7-4F8D-9E0E-58E9F508137C}.Release|Any CPU.Build.0 = Release|Any CPU
		{5FDF8160-DA40-4B30-BE71-7FEF722BDD30}.Debug|Any CPU.ActiveCfg = Debug|Any CPU
		{5FDF8160-DA40-4B30-BE71-7FEF722BDD30}.Debug|Any CPU.Build.0 = Debug|Any CPU
		{5FDF8160-DA40-4B30-BE71-7FEF722BDD30}.Release|Any CPU.ActiveCfg = Release|Any CPU
		{5FDF8160-DA40-4B30-BE71-7FEF722BDD30}.Release|Any CPU.Build.0 = Release|Any CPU
		{CC8271AF-6EB2-4D60-AF37-6EECC25EF9BD}.Debug|Any CPU.ActiveCfg = Debug|Any CPU
		{CC8271AF-6EB2-4D60-AF37-6EECC25EF9BD}.Debug|Any CPU.Build.0 = Debug|Any CPU
		{CC8271AF-6EB2-4D60-AF37-6EECC25EF9BD}.Release|Any CPU.ActiveCfg = Release|Any CPU
		{CC8271AF-6EB2-4D60-AF37-6EECC25EF9BD}.Release|Any CPU.Build.0 = Release|Any CPU
		{459DB72D-5E01-4C70-A5A4-BD8F3312BD9F}.Debug|Any CPU.ActiveCfg = Debug|Any CPU
		{459DB72D-5E01-4C70-A5A4-BD8F3312BD9F}.Debug|Any CPU.Build.0 = Debug|Any CPU
		{459DB72D-5E01-4C70-A5A4-BD8F3312BD9F}.Release|Any CPU.ActiveCfg = Release|Any CPU
		{459DB72D-5E01-4C70-A5A4-BD8F3312BD9F}.Release|Any CPU.Build.0 = Release|Any CPU
		{6C2F2C38-1C40-4004-8D17-D571A34742FE}.Debug|Any CPU.ActiveCfg = Debug|Any CPU
		{6C2F2C38-1C40-4004-8D17-D571A34742FE}.Debug|Any CPU.Build.0 = Debug|Any CPU
		{6C2F2C38-1C40-4004-8D17-D571A34742FE}.Release|Any CPU.ActiveCfg = Release|Any CPU
		{6C2F2C38-1C40-4004-8D17-D571A34742FE}.Release|Any CPU.Build.0 = Release|Any CPU
		{C3E4C6C7-008A-4E7F-B0D5-174FEAF553DB}.Debug|Any CPU.ActiveCfg = Debug|Any CPU
		{C3E4C6C7-008A-4E7F-B0D5-174FEAF553DB}.Debug|Any CPU.Build.0 = Debug|Any CPU
		{C3E4C6C7-008A-4E7F-B0D5-174FEAF553DB}.Release|Any CPU.ActiveCfg = Release|Any CPU
		{C3E4C6C7-008A-4E7F-B0D5-174FEAF553DB}.Release|Any CPU.Build.0 = Release|Any CPU
		{48F324C3-B45B-42ED-9D57-7F4C1824607A}.Debug|Any CPU.ActiveCfg = Debug|Any CPU
		{48F324C3-B45B-42ED-9D57-7F4C1824607A}.Debug|Any CPU.Build.0 = Debug|Any CPU
		{48F324C3-B45B-42ED-9D57-7F4C1824607A}.Release|Any CPU.ActiveCfg = Release|Any CPU
		{48F324C3-B45B-42ED-9D57-7F4C1824607A}.Release|Any CPU.Build.0 = Release|Any CPU
		{EE678FD5-10A0-46CB-BA3E-34DE5E26D80A}.Debug|Any CPU.ActiveCfg = Debug|Any CPU
		{EE678FD5-10A0-46CB-BA3E-34DE5E26D80A}.Debug|Any CPU.Build.0 = Debug|Any CPU
		{EE678FD5-10A0-46CB-BA3E-34DE5E26D80A}.Release|Any CPU.ActiveCfg = Release|Any CPU
		{EE678FD5-10A0-46CB-BA3E-34DE5E26D80A}.Release|Any CPU.Build.0 = Release|Any CPU
		{A47E94E9-5B5C-4347-89D1-CE272B4AC5B7}.Debug|Any CPU.ActiveCfg = Debug|Any CPU
		{A47E94E9-5B5C-4347-89D1-CE272B4AC5B7}.Debug|Any CPU.Build.0 = Debug|Any CPU
		{A47E94E9-5B5C-4347-89D1-CE272B4AC5B7}.Release|Any CPU.ActiveCfg = Release|Any CPU
		{A47E94E9-5B5C-4347-89D1-CE272B4AC5B7}.Release|Any CPU.Build.0 = Release|Any CPU
		{41FF7C15-0787-48D7-BC4A-E421C9FF1948}.Debug|Any CPU.ActiveCfg = Debug|Any CPU
		{41FF7C15-0787-48D7-BC4A-E421C9FF1948}.Debug|Any CPU.Build.0 = Debug|Any CPU
		{41FF7C15-0787-48D7-BC4A-E421C9FF1948}.Release|Any CPU.ActiveCfg = Release|Any CPU
		{41FF7C15-0787-48D7-BC4A-E421C9FF1948}.Release|Any CPU.Build.0 = Release|Any CPU
		{2442FCDE-8202-41B3-8083-098080D74223}.Debug|Any CPU.ActiveCfg = Debug|Any CPU
		{2442FCDE-8202-41B3-8083-098080D74223}.Debug|Any CPU.Build.0 = Debug|Any CPU
		{2442FCDE-8202-41B3-8083-098080D74223}.Release|Any CPU.ActiveCfg = Release|Any CPU
		{2442FCDE-8202-41B3-8083-098080D74223}.Release|Any CPU.Build.0 = Release|Any CPU
		{E388B0AE-B40C-4DBE-B274-E44B3DF3F997}.Debug|Any CPU.ActiveCfg = Debug|Any CPU
		{E388B0AE-B40C-4DBE-B274-E44B3DF3F997}.Debug|Any CPU.Build.0 = Debug|Any CPU
		{E388B0AE-B40C-4DBE-B274-E44B3DF3F997}.Release|Any CPU.ActiveCfg = Release|Any CPU
		{E388B0AE-B40C-4DBE-B274-E44B3DF3F997}.Release|Any CPU.Build.0 = Release|Any CPU
		{4EF9BA40-8A13-492A-9968-F24EF5495F6D}.Debug|Any CPU.ActiveCfg = Debug|Any CPU
		{4EF9BA40-8A13-492A-9968-F24EF5495F6D}.Debug|Any CPU.Build.0 = Debug|Any CPU
		{4EF9BA40-8A13-492A-9968-F24EF5495F6D}.Release|Any CPU.ActiveCfg = Release|Any CPU
		{4EF9BA40-8A13-492A-9968-F24EF5495F6D}.Release|Any CPU.Build.0 = Release|Any CPU
		{1AE1737F-6CC6-4AB7-AF7B-DBE5AE453E68}.Debug|Any CPU.ActiveCfg = Debug|Any CPU
		{1AE1737F-6CC6-4AB7-AF7B-DBE5AE453E68}.Debug|Any CPU.Build.0 = Debug|Any CPU
		{1AE1737F-6CC6-4AB7-AF7B-DBE5AE453E68}.Release|Any CPU.ActiveCfg = Release|Any CPU
		{1AE1737F-6CC6-4AB7-AF7B-DBE5AE453E68}.Release|Any CPU.Build.0 = Release|Any CPU
		{35941A25-E107-487A-80FE-73745315A841}.Debug|Any CPU.ActiveCfg = Debug|Any CPU
		{35941A25-E107-487A-80FE-73745315A841}.Debug|Any CPU.Build.0 = Debug|Any CPU
		{35941A25-E107-487A-80FE-73745315A841}.Release|Any CPU.ActiveCfg = Release|Any CPU
		{35941A25-E107-487A-80FE-73745315A841}.Release|Any CPU.Build.0 = Release|Any CPU
		{564B9C86-3251-475A-B44E-0808250430A2}.Debug|Any CPU.ActiveCfg = Debug|Any CPU
		{564B9C86-3251-475A-B44E-0808250430A2}.Debug|Any CPU.Build.0 = Debug|Any CPU
		{564B9C86-3251-475A-B44E-0808250430A2}.Release|Any CPU.ActiveCfg = Release|Any CPU
		{564B9C86-3251-475A-B44E-0808250430A2}.Release|Any CPU.Build.0 = Release|Any CPU
		{FD6D7578-4EED-43F0-BE36-36653D334B3F}.Debug|Any CPU.ActiveCfg = Debug|Any CPU
		{FD6D7578-4EED-43F0-BE36-36653D334B3F}.Debug|Any CPU.Build.0 = Debug|Any CPU
		{FD6D7578-4EED-43F0-BE36-36653D334B3F}.Release|Any CPU.ActiveCfg = Release|Any CPU
		{FD6D7578-4EED-43F0-BE36-36653D334B3F}.Release|Any CPU.Build.0 = Release|Any CPU
	EndGlobalSection
	GlobalSection(SolutionProperties) = preSolution
		HideSolutionNode = FALSE
	EndGlobalSection
	GlobalSection(NestedProjects) = preSolution
		{F1FCA25B-25C7-4F8D-9E0E-58E9F508137C} = {ACC68CD2-1226-4A00-BC56-F06D1363899D}
		{5FDF8160-DA40-4B30-BE71-7FEF722BDD30} = {ACC68CD2-1226-4A00-BC56-F06D1363899D}
		{CC8271AF-6EB2-4D60-AF37-6EECC25EF9BD} = {ACC68CD2-1226-4A00-BC56-F06D1363899D}
		{459DB72D-5E01-4C70-A5A4-BD8F3312BD9F} = {ACC68CD2-1226-4A00-BC56-F06D1363899D}
		{6C2F2C38-1C40-4004-8D17-D571A34742FE} = {ACC68CD2-1226-4A00-BC56-F06D1363899D}
		{C3E4C6C7-008A-4E7F-B0D5-174FEAF553DB} = {B5F1C105-6F14-4D71-A72B-3FAF8809F8C1}
		{48F324C3-B45B-42ED-9D57-7F4C1824607A} = {B5F1C105-6F14-4D71-A72B-3FAF8809F8C1}
		{EE678FD5-10A0-46CB-BA3E-34DE5E26D80A} = {B5F1C105-6F14-4D71-A72B-3FAF8809F8C1}
		{A47E94E9-5B5C-4347-89D1-CE272B4AC5B7} = {B5F1C105-6F14-4D71-A72B-3FAF8809F8C1}
		{41FF7C15-0787-48D7-BC4A-E421C9FF1948} = {B5F1C105-6F14-4D71-A72B-3FAF8809F8C1}
		{2442FCDE-8202-41B3-8083-098080D74223} = {B5F1C105-6F14-4D71-A72B-3FAF8809F8C1}
		{E388B0AE-B40C-4DBE-B274-E44B3DF3F997} = {B5F1C105-6F14-4D71-A72B-3FAF8809F8C1}
		{4EF9BA40-8A13-492A-9968-F24EF5495F6D} = {B5F1C105-6F14-4D71-A72B-3FAF8809F8C1}
		{1AE1737F-6CC6-4AB7-AF7B-DBE5AE453E68} = {B5F1C105-6F14-4D71-A72B-3FAF8809F8C1}
		{35941A25-E107-487A-80FE-73745315A841} = {B5F1C105-6F14-4D71-A72B-3FAF8809F8C1}
		{564B9C86-3251-475A-B44E-0808250430A2} = {B5F1C105-6F14-4D71-A72B-3FAF8809F8C1}
		{FD6D7578-4EED-43F0-BE36-36653D334B3F} = {B5F1C105-6F14-4D71-A72B-3FAF8809F8C1}
	EndGlobalSection
	GlobalSection(ExtensibilityGlobals) = postSolution
		SolutionGuid = {6F6DD512-593C-45A3-AC4B-D5AFE6E06449}
	EndGlobalSection
EndGlobal
